// !$*UTF8*$!
{
	archiveVersion = 1;
	classes = {
	};
	objectVersion = 56;
	objects = {

/* Begin PBXBuildFile section */
		310E5EE42C699A960062DDFA /* CreditCard.swift in Sources */ = {isa = PBXBuildFile; fileRef = 310E5EE32C699A960062DDFA /* CreditCard.swift */; };
		311676402D173D340098BF92 /* AddClosedView.swift in Sources */ = {isa = PBXBuildFile; fileRef = 3116763F2D173D340098BF92 /* AddClosedView.swift */; };
		314BD4682C94A5C300E32E74 /* AddCreditCardView.swift in Sources */ = {isa = PBXBuildFile; fileRef = 314BD4672C94A5C300E32E74 /* AddCreditCardView.swift */; };
		314BD46A2C95377400E32E74 /* EditCreditCardView.swift in Sources */ = {isa = PBXBuildFile; fileRef = 314BD4692C95377400E32E74 /* EditCreditCardView.swift */; };
		314BD46C2C9689DB00E32E74 /* FormView.swift in Sources */ = {isa = PBXBuildFile; fileRef = 314BD46B2C9689DB00E32E74 /* FormView.swift */; };
		314BD46E2C977D1A00E32E74 /* AddPromotionView.swift in Sources */ = {isa = PBXBuildFile; fileRef = 314BD46D2C977D1A00E32E74 /* AddPromotionView.swift */; };
		314BD4702C97F06200E32E74 /* AddBonusView.swift in Sources */ = {isa = PBXBuildFile; fileRef = 314BD46F2C97F06200E32E74 /* AddBonusView.swift */; };
		314BD4722C98AC6400E32E74 /* CardView.swift in Sources */ = {isa = PBXBuildFile; fileRef = 314BD4712C98AC6400E32E74 /* CardView.swift */; };
		314BD4742C992D0000E32E74 /* PaymentProcessor.swift in Sources */ = {isa = PBXBuildFile; fileRef = 314BD4732C992D0000E32E74 /* PaymentProcessor.swift */; };
		314BD47A2C9CB92F00E32E74 /* SwiftDataManager.swift in Sources */ = {isa = PBXBuildFile; fileRef = 314BD4792C9CB92F00E32E74 /* SwiftDataManager.swift */; };
		314BD47C2C9E01BE00E32E74 /* AppContainer.swift in Sources */ = {isa = PBXBuildFile; fileRef = 314BD47B2C9E01BE00E32E74 /* AppContainer.swift */; };
		314BD4802C9EB2FA00E32E74 /* SidebarView.swift in Sources */ = {isa = PBXBuildFile; fileRef = 314BD47F2C9EB2FA00E32E74 /* SidebarView.swift */; };
		3176D8EB2C74362800C57FBB /* Bank.swift in Sources */ = {isa = PBXBuildFile; fileRef = 3176D8EA2C74362800C57FBB /* Bank.swift */; };
		3176D8EF2C7437E000C57FBB /* Bonus.swift in Sources */ = {isa = PBXBuildFile; fileRef = 3176D8EE2C7437DF00C57FBB /* Bonus.swift */; };
		3176D8F22C75AC2B00C57FBB /* Closed.swift in Sources */ = {isa = PBXBuildFile; fileRef = 3176D8F12C75AC2B00C57FBB /* Closed.swift */; };
		3176D8F42C75AD1600C57FBB /* Promotion.swift in Sources */ = {isa = PBXBuildFile; fileRef = 3176D8F32C75AD1600C57FBB /* Promotion.swift */; };
		3189C6E22D5AE2DB00EDA7A4 /* CardArt.swift in Sources */ = {isa = PBXBuildFile; fileRef = 3189C6E12D5AE2DB00EDA7A4 /* CardArt.swift */; };
		3189C6E62D5AF03600EDA7A4 /* loadBankCardArtData.swift in Sources */ = {isa = PBXBuildFile; fileRef = 3189C6E52D5AF03600EDA7A4 /* loadBankCardArtData.swift */; };
		3189C6E82D5BD5DE00EDA7A4 /* CardGridCellView.swift in Sources */ = {isa = PBXBuildFile; fileRef = 3189C6E72D5BD5DE00EDA7A4 /* CardGridCellView.swift */; };
		3189C6EE2D5BE48500EDA7A4 /* CardGridView.swift in Sources */ = {isa = PBXBuildFile; fileRef = 3189C6ED2D5BE48500EDA7A4 /* CardGridView.swift */; };
		3189C6F22D5C44F100EDA7A4 /* BankCardArtData.json in Resources */ = {isa = PBXBuildFile; fileRef = 3189C6F12D5C44F100EDA7A4 /* BankCardArtData.json */; };
		3189C6F42D5C4A9100EDA7A4 /* CardImagePickerView.swift in Sources */ = {isa = PBXBuildFile; fileRef = 3189C6F32D5C4A9100EDA7A4 /* CardImagePickerView.swift */; };
		318A66302C7BD3EC0039487E /* PreviewData.swift in Sources */ = {isa = PBXBuildFile; fileRef = 318A662F2C7BD3EC0039487E /* PreviewData.swift */; };
		318A66332C7BDF950039487E /* WalletContentView.swift in Sources */ = {isa = PBXBuildFile; fileRef = 318A66322C7BDF950039487E /* WalletContentView.swift */; };
		318A66372C7C14300039487E /* SideBarCategories.swift in Sources */ = {isa = PBXBuildFile; fileRef = 318A66362C7C14300039487E /* SideBarCategories.swift */; };
		318A66392C7C21020039487E /* CardListView.swift in Sources */ = {isa = PBXBuildFile; fileRef = 318A66382C7C21020039487E /* CardListView.swift */; };
		318A663B2C7C37B10039487E /* DetailView.swift in Sources */ = {isa = PBXBuildFile; fileRef = 318A663A2C7C37B10039487E /* DetailView.swift */; };
		318A663D2C7E5B0E0039487E /* AddBankView.swift in Sources */ = {isa = PBXBuildFile; fileRef = 318A663C2C7E5B0D0039487E /* AddBankView.swift */; };
		318D83332D51BF5D00951AE6 /* DetailPanelView.swift in Sources */ = {isa = PBXBuildFile; fileRef = 318D83322D51BF5D00951AE6 /* DetailPanelView.swift */; };
		318D83352D51C50D00951AE6 /* CardHistoryView.swift in Sources */ = {isa = PBXBuildFile; fileRef = 318D83342D51C50D00951AE6 /* CardHistoryView.swift */; };
		318D83372D53080200951AE6 /* SelectCardView.swift in Sources */ = {isa = PBXBuildFile; fileRef = 318D83362D53080200951AE6 /* SelectCardView.swift */; };
		318D833B2D530B3E00951AE6 /* ShowHistoryView.swift in Sources */ = {isa = PBXBuildFile; fileRef = 318D833A2D530B3E00951AE6 /* ShowHistoryView.swift */; };
		318D833D2D53270E00951AE6 /* CardRowView.swift in Sources */ = {isa = PBXBuildFile; fileRef = 318D833C2D53270E00951AE6 /* CardRowView.swift */; };
		319F558D2C5F2B1500C054D2 /* CreditCardLibraryApp.swift in Sources */ = {isa = PBXBuildFile; fileRef = 319F558C2C5F2B1500C054D2 /* CreditCardLibraryApp.swift */; };
		319F55912C5F2B1600C054D2 /* Assets.xcassets in Resources */ = {isa = PBXBuildFile; fileRef = 319F55902C5F2B1600C054D2 /* Assets.xcassets */; };
		319F55942C5F2B1600C054D2 /* Preview Assets.xcassets in Resources */ = {isa = PBXBuildFile; fileRef = 319F55932C5F2B1600C054D2 /* Preview Assets.xcassets */; };
/* End PBXBuildFile section */

/* Begin PBXFileReference section */
		310E5EE32C699A960062DDFA /* CreditCard.swift */ = {isa = PBXFileReference; lastKnownFileType = sourcecode.swift; path = CreditCard.swift; sourceTree = "<group>"; };
		3116763F2D173D340098BF92 /* AddClosedView.swift */ = {isa = PBXFileReference; lastKnownFileType = sourcecode.swift; path = AddClosedView.swift; sourceTree = "<group>"; };
		314BD4672C94A5C300E32E74 /* AddCreditCardView.swift */ = {isa = PBXFileReference; lastKnownFileType = sourcecode.swift; path = AddCreditCardView.swift; sourceTree = "<group>"; };
		314BD4692C95377400E32E74 /* EditCreditCardView.swift */ = {isa = PBXFileReference; lastKnownFileType = sourcecode.swift; path = EditCreditCardView.swift; sourceTree = "<group>"; };
		314BD46B2C9689DB00E32E74 /* FormView.swift */ = {isa = PBXFileReference; lastKnownFileType = sourcecode.swift; path = FormView.swift; sourceTree = "<group>"; };
		314BD46D2C977D1A00E32E74 /* AddPromotionView.swift */ = {isa = PBXFileReference; lastKnownFileType = sourcecode.swift; path = AddPromotionView.swift; sourceTree = "<group>"; };
		314BD46F2C97F06200E32E74 /* AddBonusView.swift */ = {isa = PBXFileReference; lastKnownFileType = sourcecode.swift; path = AddBonusView.swift; sourceTree = "<group>"; };
		314BD4712C98AC6400E32E74 /* CardView.swift */ = {isa = PBXFileReference; lastKnownFileType = sourcecode.swift; path = CardView.swift; sourceTree = "<group>"; };
		314BD4732C992D0000E32E74 /* PaymentProcessor.swift */ = {isa = PBXFileReference; lastKnownFileType = sourcecode.swift; path = PaymentProcessor.swift; sourceTree = "<group>"; };
		314BD4792C9CB92F00E32E74 /* SwiftDataManager.swift */ = {isa = PBXFileReference; lastKnownFileType = sourcecode.swift; path = SwiftDataManager.swift; sourceTree = "<group>"; };
		314BD47B2C9E01BE00E32E74 /* AppContainer.swift */ = {isa = PBXFileReference; lastKnownFileType = sourcecode.swift; path = AppContainer.swift; sourceTree = "<group>"; };
		314BD47F2C9EB2FA00E32E74 /* SidebarView.swift */ = {isa = PBXFileReference; lastKnownFileType = sourcecode.swift; path = SidebarView.swift; sourceTree = "<group>"; };
		3176D8EA2C74362800C57FBB /* Bank.swift */ = {isa = PBXFileReference; lastKnownFileType = sourcecode.swift; path = Bank.swift; sourceTree = "<group>"; };
		3176D8EE2C7437DF00C57FBB /* Bonus.swift */ = {isa = PBXFileReference; lastKnownFileType = sourcecode.swift; path = Bonus.swift; sourceTree = "<group>"; };
		3176D8F12C75AC2B00C57FBB /* Closed.swift */ = {isa = PBXFileReference; lastKnownFileType = sourcecode.swift; path = Closed.swift; sourceTree = "<group>"; };
		3176D8F32C75AD1600C57FBB /* Promotion.swift */ = {isa = PBXFileReference; lastKnownFileType = sourcecode.swift; path = Promotion.swift; sourceTree = "<group>"; };
		3189C6E12D5AE2DB00EDA7A4 /* CardArt.swift */ = {isa = PBXFileReference; lastKnownFileType = sourcecode.swift; path = CardArt.swift; sourceTree = "<group>"; };
		3189C6E52D5AF03600EDA7A4 /* loadBankCardArtData.swift */ = {isa = PBXFileReference; lastKnownFileType = sourcecode.swift; path = loadBankCardArtData.swift; sourceTree = "<group>"; };
		3189C6E72D5BD5DE00EDA7A4 /* CardGridCellView.swift */ = {isa = PBXFileReference; lastKnownFileType = sourcecode.swift; path = CardGridCellView.swift; sourceTree = "<group>"; };
		3189C6ED2D5BE48500EDA7A4 /* CardGridView.swift */ = {isa = PBXFileReference; lastKnownFileType = sourcecode.swift; path = CardGridView.swift; sourceTree = "<group>"; };
		3189C6F12D5C44F100EDA7A4 /* BankCardArtData.json */ = {isa = PBXFileReference; fileEncoding = 4; lastKnownFileType = text.json; path = BankCardArtData.json; sourceTree = "<group>"; };
		3189C6F32D5C4A9100EDA7A4 /* CardImagePickerView.swift */ = {isa = PBXFileReference; lastKnownFileType = sourcecode.swift; path = CardImagePickerView.swift; sourceTree = "<group>"; };
		318A662F2C7BD3EC0039487E /* PreviewData.swift */ = {isa = PBXFileReference; lastKnownFileType = sourcecode.swift; path = PreviewData.swift; sourceTree = "<group>"; };
		318A66322C7BDF950039487E /* WalletContentView.swift */ = {isa = PBXFileReference; lastKnownFileType = sourcecode.swift; path = WalletContentView.swift; sourceTree = "<group>"; };
		318A66362C7C14300039487E /* SideBarCategories.swift */ = {isa = PBXFileReference; lastKnownFileType = sourcecode.swift; path = SideBarCategories.swift; sourceTree = "<group>"; };
		318A66382C7C21020039487E /* CardListView.swift */ = {isa = PBXFileReference; lastKnownFileType = sourcecode.swift; path = CardListView.swift; sourceTree = "<group>"; };
		318A663A2C7C37B10039487E /* DetailView.swift */ = {isa = PBXFileReference; lastKnownFileType = sourcecode.swift; path = DetailView.swift; sourceTree = "<group>"; };
		318A663C2C7E5B0D0039487E /* AddBankView.swift */ = {isa = PBXFileReference; lastKnownFileType = sourcecode.swift; path = AddBankView.swift; sourceTree = "<group>"; };
		318D83322D51BF5D00951AE6 /* DetailPanelView.swift */ = {isa = PBXFileReference; lastKnownFileType = sourcecode.swift; path = DetailPanelView.swift; sourceTree = "<group>"; };
		318D83342D51C50D00951AE6 /* CardHistoryView.swift */ = {isa = PBXFileReference; lastKnownFileType = sourcecode.swift; path = CardHistoryView.swift; sourceTree = "<group>"; };
		318D83362D53080200951AE6 /* SelectCardView.swift */ = {isa = PBXFileReference; lastKnownFileType = sourcecode.swift; path = SelectCardView.swift; sourceTree = "<group>"; };
		318D833A2D530B3E00951AE6 /* ShowHistoryView.swift */ = {isa = PBXFileReference; lastKnownFileType = sourcecode.swift; path = ShowHistoryView.swift; sourceTree = "<group>"; };
		318D833C2D53270E00951AE6 /* CardRowView.swift */ = {isa = PBXFileReference; lastKnownFileType = sourcecode.swift; path = CardRowView.swift; sourceTree = "<group>"; };
		319F55892C5F2B1500C054D2 /* CreditCardLibrary.app */ = {isa = PBXFileReference; explicitFileType = wrapper.application; includeInIndex = 0; path = CreditCardLibrary.app; sourceTree = BUILT_PRODUCTS_DIR; };
		319F558C2C5F2B1500C054D2 /* CreditCardLibraryApp.swift */ = {isa = PBXFileReference; lastKnownFileType = sourcecode.swift; path = CreditCardLibraryApp.swift; sourceTree = "<group>"; };
		319F55902C5F2B1600C054D2 /* Assets.xcassets */ = {isa = PBXFileReference; lastKnownFileType = folder.assetcatalog; path = Assets.xcassets; sourceTree = "<group>"; };
		319F55932C5F2B1600C054D2 /* Preview Assets.xcassets */ = {isa = PBXFileReference; lastKnownFileType = folder.assetcatalog; path = "Preview Assets.xcassets"; sourceTree = "<group>"; };
		319F55952C5F2B1600C054D2 /* CreditCardLibrary.entitlements */ = {isa = PBXFileReference; lastKnownFileType = text.plist.entitlements; path = CreditCardLibrary.entitlements; sourceTree = "<group>"; };
/* End PBXFileReference section */

/* Begin PBXFrameworksBuildPhase section */
		319F55862C5F2B1500C054D2 /* Frameworks */ = {
			isa = PBXFrameworksBuildPhase;
			buildActionMask = 2147483647;
			files = (
			);
			runOnlyForDeploymentPostprocessing = 0;
		};
/* End PBXFrameworksBuildPhase section */

/* Begin PBXGroup section */
		3176D8F02C743F0900C57FBB /* Utilities */ = {
			isa = PBXGroup;
			children = (
				314BD4792C9CB92F00E32E74 /* SwiftDataManager.swift */,
			);
			path = Utilities;
			sourceTree = "<group>";
		};
		3189C6E92D5BE1BC00EDA7A4 /* NaviationViews */ = {
			isa = PBXGroup;
			children = (
				318A66322C7BDF950039487E /* WalletContentView.swift */,
				314BD47F2C9EB2FA00E32E74 /* SidebarView.swift */,
			);
			path = NaviationViews;
			sourceTree = "<group>";
		};
		3189C6EA2D5BE20E00EDA7A4 /* CardDetailViews */ = {
			isa = PBXGroup;
			children = (
				318D83322D51BF5D00951AE6 /* DetailPanelView.swift */,
				318A663A2C7C37B10039487E /* DetailView.swift */,
				318D83362D53080200951AE6 /* SelectCardView.swift */,
				318D833A2D530B3E00951AE6 /* ShowHistoryView.swift */,
				318D83342D51C50D00951AE6 /* CardHistoryView.swift */,
			);
			path = CardDetailViews;
			sourceTree = "<group>";
		};
		3189C6EB2D5BE24300EDA7A4 /* ToolBarViews */ = {
			isa = PBXGroup;
			children = (
				314BD4692C95377400E32E74 /* EditCreditCardView.swift */,
				314BD4672C94A5C300E32E74 /* AddCreditCardView.swift */,
				314BD46B2C9689DB00E32E74 /* FormView.swift */,
				314BD46F2C97F06200E32E74 /* AddBonusView.swift */,
				314BD46D2C977D1A00E32E74 /* AddPromotionView.swift */,
				318A663C2C7E5B0D0039487E /* AddBankView.swift */,
				3116763F2D173D340098BF92 /* AddClosedView.swift */,
				3189C6F32D5C4A9100EDA7A4 /* CardImagePickerView.swift */,
			);
			path = ToolBarViews;
			sourceTree = "<group>";
		};
		3189C6EC2D5BE28400EDA7A4 /* CardViews */ = {
			isa = PBXGroup;
			children = (
				3189C6ED2D5BE48500EDA7A4 /* CardGridView.swift */,
				3189C6E72D5BD5DE00EDA7A4 /* CardGridCellView.swift */,
				314BD4712C98AC6400E32E74 /* CardView.swift */,
				318A66382C7C21020039487E /* CardListView.swift */,
				318D833C2D53270E00951AE6 /* CardRowView.swift */,
			);
			path = CardViews;
			sourceTree = "<group>";
		};
		318A66312C7BDD980039487E /* Views */ = {
			isa = PBXGroup;
			children = (
				3189C6E92D5BE1BC00EDA7A4 /* NaviationViews */,
				3189C6EC2D5BE28400EDA7A4 /* CardViews */,
				3189C6EA2D5BE20E00EDA7A4 /* CardDetailViews */,
				3189C6EB2D5BE24300EDA7A4 /* ToolBarViews */,
			);
			path = Views;
			sourceTree = "<group>";
		};
		319F55802C5F2B1500C054D2 = {
			isa = PBXGroup;
			children = (
				319F558B2C5F2B1500C054D2 /* CreditCardLibrary */,
				319F558A2C5F2B1500C054D2 /* Products */,
			);
			sourceTree = "<group>";
		};
		319F558A2C5F2B1500C054D2 /* Products */ = {
			isa = PBXGroup;
			children = (
				319F55892C5F2B1500C054D2 /* CreditCardLibrary.app */,
			);
			name = Products;
			sourceTree = "<group>";
		};
		319F558B2C5F2B1500C054D2 /* CreditCardLibrary */ = {
			isa = PBXGroup;
			children = (
				319F558C2C5F2B1500C054D2 /* CreditCardLibraryApp.swift */,
				314BD47B2C9E01BE00E32E74 /* AppContainer.swift */,
				3176D8F02C743F0900C57FBB /* Utilities */,
				318A66312C7BDD980039487E /* Views */,
				31AAFEDE2C5F436A00CE1BDC /* Model */,
				318A662F2C7BD3EC0039487E /* PreviewData.swift */,
				319F55902C5F2B1600C054D2 /* Assets.xcassets */,
				319F55952C5F2B1600C054D2 /* CreditCardLibrary.entitlements */,
				319F55922C5F2B1600C054D2 /* Preview Content */,
			);
			path = CreditCardLibrary;
			sourceTree = "<group>";
		};
		319F55922C5F2B1600C054D2 /* Preview Content */ = {
			isa = PBXGroup;
			children = (
				319F55932C5F2B1600C054D2 /* Preview Assets.xcassets */,
			);
			path = "Preview Content";
			sourceTree = "<group>";
		};
		31AAFEDE2C5F436A00CE1BDC /* Model */ = {
			isa = PBXGroup;
			children = (
				310E5EE32C699A960062DDFA /* CreditCard.swift */,
				314BD4732C992D0000E32E74 /* PaymentProcessor.swift */,
				3176D8F32C75AD1600C57FBB /* Promotion.swift */,
				3176D8EA2C74362800C57FBB /* Bank.swift */,
				3189C6E12D5AE2DB00EDA7A4 /* CardArt.swift */,
				3189C6F12D5C44F100EDA7A4 /* BankCardArtData.json */,
				3189C6E52D5AF03600EDA7A4 /* loadBankCardArtData.swift */,
				3176D8EE2C7437DF00C57FBB /* Bonus.swift */,
				3176D8F12C75AC2B00C57FBB /* Closed.swift */,
				318A66362C7C14300039487E /* SideBarCategories.swift */,
			);
			path = Model;
			sourceTree = "<group>";
		};
/* End PBXGroup section */

/* Begin PBXNativeTarget section */
		319F55882C5F2B1500C054D2 /* CreditCardLibrary */ = {
			isa = PBXNativeTarget;
			buildConfigurationList = 319F55982C5F2B1600C054D2 /* Build configuration list for PBXNativeTarget "CreditCardLibrary" */;
			buildPhases = (
				319F55852C5F2B1500C054D2 /* Sources */,
				319F55862C5F2B1500C054D2 /* Frameworks */,
				319F55872C5F2B1500C054D2 /* Resources */,
			);
			buildRules = (
			);
			dependencies = (
			);
			name = CreditCardLibrary;
			productName = CreditCardLibrary;
			productReference = 319F55892C5F2B1500C054D2 /* CreditCardLibrary.app */;
			productType = "com.apple.product-type.application";
		};
/* End PBXNativeTarget section */

/* Begin PBXProject section */
		319F55812C5F2B1500C054D2 /* Project object */ = {
			isa = PBXProject;
			attributes = {
				BuildIndependentTargetsInParallel = 1;
				LastSwiftUpdateCheck = 1540;
				LastUpgradeCheck = 1540;
				TargetAttributes = {
					319F55882C5F2B1500C054D2 = {
						CreatedOnToolsVersion = 15.4;
					};
				};
			};
			buildConfigurationList = 319F55842C5F2B1500C054D2 /* Build configuration list for PBXProject "CreditCardLibrary" */;
			compatibilityVersion = "Xcode 14.0";
			developmentRegion = en;
			hasScannedForEncodings = 0;
			knownRegions = (
				en,
				Base,
			);
			mainGroup = 319F55802C5F2B1500C054D2;
			productRefGroup = 319F558A2C5F2B1500C054D2 /* Products */;
			projectDirPath = "";
			projectRoot = "";
			targets = (
				319F55882C5F2B1500C054D2 /* CreditCardLibrary */,
			);
		};
/* End PBXProject section */

/* Begin PBXResourcesBuildPhase section */
		319F55872C5F2B1500C054D2 /* Resources */ = {
			isa = PBXResourcesBuildPhase;
			buildActionMask = 2147483647;
			files = (
				319F55942C5F2B1600C054D2 /* Preview Assets.xcassets in Resources */,
				319F55912C5F2B1600C054D2 /* Assets.xcassets in Resources */,
				3189C6F22D5C44F100EDA7A4 /* BankCardArtData.json in Resources */,
			);
			runOnlyForDeploymentPostprocessing = 0;
		};
/* End PBXResourcesBuildPhase section */

/* Begin PBXSourcesBuildPhase section */
		319F55852C5F2B1500C054D2 /* Sources */ = {
			isa = PBXSourcesBuildPhase;
			buildActionMask = 2147483647;
			files = (
				318A66392C7C21020039487E /* CardListView.swift in Sources */,
				314BD4802C9EB2FA00E32E74 /* SidebarView.swift in Sources */,
				314BD46E2C977D1A00E32E74 /* AddPromotionView.swift in Sources */,
				314BD4742C992D0000E32E74 /* PaymentProcessor.swift in Sources */,
				3189C6F42D5C4A9100EDA7A4 /* CardImagePickerView.swift in Sources */,
				318A66302C7BD3EC0039487E /* PreviewData.swift in Sources */,
				314BD46A2C95377400E32E74 /* EditCreditCardView.swift in Sources */,
				314BD4722C98AC6400E32E74 /* CardView.swift in Sources */,
				3189C6EE2D5BE48500EDA7A4 /* CardGridView.swift in Sources */,
				3189C6E82D5BD5DE00EDA7A4 /* CardGridCellView.swift in Sources */,
				3176D8EF2C7437E000C57FBB /* Bonus.swift in Sources */,
				314BD46C2C9689DB00E32E74 /* FormView.swift in Sources */,
				318D833B2D530B3E00951AE6 /* ShowHistoryView.swift in Sources */,
				318A663D2C7E5B0E0039487E /* AddBankView.swift in Sources */,
				318D83352D51C50D00951AE6 /* CardHistoryView.swift in Sources */,
				3176D8F22C75AC2B00C57FBB /* Closed.swift in Sources */,
				318D83332D51BF5D00951AE6 /* DetailPanelView.swift in Sources */,
				314BD4682C94A5C300E32E74 /* AddCreditCardView.swift in Sources */,
				310E5EE42C699A960062DDFA /* CreditCard.swift in Sources */,
				314BD4702C97F06200E32E74 /* AddBonusView.swift in Sources */,
				318A663B2C7C37B10039487E /* DetailView.swift in Sources */,
				311676402D173D340098BF92 /* AddClosedView.swift in Sources */,
				318D833D2D53270E00951AE6 /* CardRowView.swift in Sources */,
				318D83372D53080200951AE6 /* SelectCardView.swift in Sources */,
				318A66332C7BDF950039487E /* WalletContentView.swift in Sources */,
				314BD47A2C9CB92F00E32E74 /* SwiftDataManager.swift in Sources */,
				318A66372C7C14300039487E /* SideBarCategories.swift in Sources */,
				3189C6E22D5AE2DB00EDA7A4 /* CardArt.swift in Sources */,
				314BD47C2C9E01BE00E32E74 /* AppContainer.swift in Sources */,
				3189C6E62D5AF03600EDA7A4 /* loadBankCardArtData.swift in Sources */,
				3176D8F42C75AD1600C57FBB /* Promotion.swift in Sources */,
				3176D8EB2C74362800C57FBB /* Bank.swift in Sources */,
				319F558D2C5F2B1500C054D2 /* CreditCardLibraryApp.swift in Sources */,
			);
			runOnlyForDeploymentPostprocessing = 0;
		};
/* End PBXSourcesBuildPhase section */

/* Begin XCBuildConfiguration section */
		319F55962C5F2B1600C054D2 /* Debug */ = {
			isa = XCBuildConfiguration;
			buildSettings = {
				ALWAYS_SEARCH_USER_PATHS = NO;
				ASSETCATALOG_COMPILER_GENERATE_SWIFT_ASSET_SYMBOL_EXTENSIONS = YES;
				CLANG_ANALYZER_NONNULL = YES;
				CLANG_ANALYZER_NUMBER_OBJECT_CONVERSION = YES_AGGRESSIVE;
				CLANG_CXX_LANGUAGE_STANDARD = "gnu++20";
				CLANG_ENABLE_MODULES = YES;
				CLANG_ENABLE_OBJC_ARC = YES;
				CLANG_ENABLE_OBJC_WEAK = YES;
				CLANG_WARN_BLOCK_CAPTURE_AUTORELEASING = YES;
				CLANG_WARN_BOOL_CONVERSION = YES;
				CLANG_WARN_COMMA = YES;
				CLANG_WARN_CONSTANT_CONVERSION = YES;
				CLANG_WARN_DEPRECATED_OBJC_IMPLEMENTATIONS = YES;
				CLANG_WARN_DIRECT_OBJC_ISA_USAGE = YES_ERROR;
				CLANG_WARN_DOCUMENTATION_COMMENTS = YES;
				CLANG_WARN_EMPTY_BODY = YES;
				CLANG_WARN_ENUM_CONVERSION = YES;
				CLANG_WARN_INFINITE_RECURSION = YES;
				CLANG_WARN_INT_CONVERSION = YES;
				CLANG_WARN_NON_LITERAL_NULL_CONVERSION = YES;
				CLANG_WARN_OBJC_IMPLICIT_RETAIN_SELF = YES;
				CLANG_WARN_OBJC_LITERAL_CONVERSION = YES;
				CLANG_WARN_OBJC_ROOT_CLASS = YES_ERROR;
				CLANG_WARN_QUOTED_INCLUDE_IN_FRAMEWORK_HEADER = YES;
				CLANG_WARN_RANGE_LOOP_ANALYSIS = YES;
				CLANG_WARN_STRICT_PROTOTYPES = YES;
				CLANG_WARN_SUSPICIOUS_MOVE = YES;
				CLANG_WARN_UNGUARDED_AVAILABILITY = YES_AGGRESSIVE;
				CLANG_WARN_UNREACHABLE_CODE = YES;
				CLANG_WARN__DUPLICATE_METHOD_MATCH = YES;
				COPY_PHASE_STRIP = NO;
				DEBUG_INFORMATION_FORMAT = dwarf;
				ENABLE_STRICT_OBJC_MSGSEND = YES;
				ENABLE_TESTABILITY = YES;
				ENABLE_USER_SCRIPT_SANDBOXING = YES;
				GCC_C_LANGUAGE_STANDARD = gnu17;
				GCC_DYNAMIC_NO_PIC = NO;
				GCC_NO_COMMON_BLOCKS = YES;
				GCC_OPTIMIZATION_LEVEL = 0;
				GCC_PREPROCESSOR_DEFINITIONS = (
					"DEBUG=1",
					"$(inherited)",
				);
				GCC_WARN_64_TO_32_BIT_CONVERSION = YES;
				GCC_WARN_ABOUT_RETURN_TYPE = YES_ERROR;
				GCC_WARN_UNDECLARED_SELECTOR = YES;
				GCC_WARN_UNINITIALIZED_AUTOS = YES_AGGRESSIVE;
				GCC_WARN_UNUSED_FUNCTION = YES;
				GCC_WARN_UNUSED_VARIABLE = YES;
				LOCALIZATION_PREFERS_STRING_CATALOGS = YES;
				MACOSX_DEPLOYMENT_TARGET = 14.3;
				MTL_ENABLE_DEBUG_INFO = INCLUDE_SOURCE;
				MTL_FAST_MATH = YES;
				ONLY_ACTIVE_ARCH = YES;
				SDKROOT = macosx;
				SWIFT_ACTIVE_COMPILATION_CONDITIONS = "DEBUG $(inherited)";
				SWIFT_OPTIMIZATION_LEVEL = "-Onone";
			};
			name = Debug;
		};
		319F55972C5F2B1600C054D2 /* Release */ = {
			isa = XCBuildConfiguration;
			buildSettings = {
				ALWAYS_SEARCH_USER_PATHS = NO;
				ASSETCATALOG_COMPILER_GENERATE_SWIFT_ASSET_SYMBOL_EXTENSIONS = YES;
				CLANG_ANALYZER_NONNULL = YES;
				CLANG_ANALYZER_NUMBER_OBJECT_CONVERSION = YES_AGGRESSIVE;
				CLANG_CXX_LANGUAGE_STANDARD = "gnu++20";
				CLANG_ENABLE_MODULES = YES;
				CLANG_ENABLE_OBJC_ARC = YES;
				CLANG_ENABLE_OBJC_WEAK = YES;
				CLANG_WARN_BLOCK_CAPTURE_AUTORELEASING = YES;
				CLANG_WARN_BOOL_CONVERSION = YES;
				CLANG_WARN_COMMA = YES;
				CLANG_WARN_CONSTANT_CONVERSION = YES;
				CLANG_WARN_DEPRECATED_OBJC_IMPLEMENTATIONS = YES;
				CLANG_WARN_DIRECT_OBJC_ISA_USAGE = YES_ERROR;
				CLANG_WARN_DOCUMENTATION_COMMENTS = YES;
				CLANG_WARN_EMPTY_BODY = YES;
				CLANG_WARN_ENUM_CONVERSION = YES;
				CLANG_WARN_INFINITE_RECURSION = YES;
				CLANG_WARN_INT_CONVERSION = YES;
				CLANG_WARN_NON_LITERAL_NULL_CONVERSION = YES;
				CLANG_WARN_OBJC_IMPLICIT_RETAIN_SELF = YES;
				CLANG_WARN_OBJC_LITERAL_CONVERSION = YES;
				CLANG_WARN_OBJC_ROOT_CLASS = YES_ERROR;
				CLANG_WARN_QUOTED_INCLUDE_IN_FRAMEWORK_HEADER = YES;
				CLANG_WARN_RANGE_LOOP_ANALYSIS = YES;
				CLANG_WARN_STRICT_PROTOTYPES = YES;
				CLANG_WARN_SUSPICIOUS_MOVE = YES;
				CLANG_WARN_UNGUARDED_AVAILABILITY = YES_AGGRESSIVE;
				CLANG_WARN_UNREACHABLE_CODE = YES;
				CLANG_WARN__DUPLICATE_METHOD_MATCH = YES;
				COPY_PHASE_STRIP = NO;
				DEBUG_INFORMATION_FORMAT = "dwarf-with-dsym";
				ENABLE_NS_ASSERTIONS = NO;
				ENABLE_STRICT_OBJC_MSGSEND = YES;
				ENABLE_USER_SCRIPT_SANDBOXING = YES;
				GCC_C_LANGUAGE_STANDARD = gnu17;
				GCC_NO_COMMON_BLOCKS = YES;
				GCC_WARN_64_TO_32_BIT_CONVERSION = YES;
				GCC_WARN_ABOUT_RETURN_TYPE = YES_ERROR;
				GCC_WARN_UNDECLARED_SELECTOR = YES;
				GCC_WARN_UNINITIALIZED_AUTOS = YES_AGGRESSIVE;
				GCC_WARN_UNUSED_FUNCTION = YES;
				GCC_WARN_UNUSED_VARIABLE = YES;
				LOCALIZATION_PREFERS_STRING_CATALOGS = YES;
				MACOSX_DEPLOYMENT_TARGET = 14.3;
				MTL_ENABLE_DEBUG_INFO = NO;
				MTL_FAST_MATH = YES;
				SDKROOT = macosx;
				SWIFT_COMPILATION_MODE = wholemodule;
			};
			name = Release;
		};
		319F55992C5F2B1600C054D2 /* Debug */ = {
			isa = XCBuildConfiguration;
			buildSettings = {
				ASSETCATALOG_COMPILER_APPICON_NAME = AppIcon;
				ASSETCATALOG_COMPILER_GLOBAL_ACCENT_COLOR_NAME = AccentColor;
				CODE_SIGN_ENTITLEMENTS = CreditCardLibrary/CreditCardLibrary.entitlements;
				"CODE_SIGN_IDENTITY[sdk=macosx*]" = "Apple Development";
				CODE_SIGN_STYLE = Automatic;
				COMBINE_HIDPI_IMAGES = YES;
				CURRENT_PROJECT_VERSION = 1;
				DEVELOPMENT_ASSET_PATHS = "\"CreditCardLibrary/Preview Content\"";
				DEVELOPMENT_TEAM = CJQCXZH5MJ;
				ENABLE_HARDENED_RUNTIME = YES;
				ENABLE_PREVIEWS = YES;
				GENERATE_INFOPLIST_FILE = YES;
				INFOPLIST_KEY_LSApplicationCategoryType = "public.app-category.finance";
				INFOPLIST_KEY_NSHumanReadableCopyright = "";
				LD_RUNPATH_SEARCH_PATHS = (
					"$(inherited)",
					"@executable_path/../Frameworks",
				);
				MARKETING_VERSION = 1.0;
				PRODUCT_BUNDLE_IDENTIFIER = Davlat.CreditCardLibrary;
				PRODUCT_NAME = "$(TARGET_NAME)";
				SWIFT_EMIT_LOC_STRINGS = YES;
				SWIFT_VERSION = 5.0;
			};
			name = Debug;
		};
		319F559A2C5F2B1600C054D2 /* Release */ = {
			isa = XCBuildConfiguration;
			buildSettings = {
				ASSETCATALOG_COMPILER_APPICON_NAME = AppIcon;
				ASSETCATALOG_COMPILER_GLOBAL_ACCENT_COLOR_NAME = AccentColor;
				CODE_SIGN_ENTITLEMENTS = CreditCardLibrary/CreditCardLibrary.entitlements;
				"CODE_SIGN_IDENTITY[sdk=macosx*]" = "Apple Development";
				CODE_SIGN_STYLE = Automatic;
				COMBINE_HIDPI_IMAGES = YES;
				CURRENT_PROJECT_VERSION = 1;
				DEVELOPMENT_ASSET_PATHS = "\"CreditCardLibrary/Preview Content\"";
				DEVELOPMENT_TEAM = CJQCXZH5MJ;
				ENABLE_HARDENED_RUNTIME = YES;
				ENABLE_PREVIEWS = YES;
				GENERATE_INFOPLIST_FILE = YES;
				INFOPLIST_KEY_LSApplicationCategoryType = "public.app-category.finance";
				INFOPLIST_KEY_NSHumanReadableCopyright = "";
				LD_RUNPATH_SEARCH_PATHS = (
					"$(inherited)",
					"@executable_path/../Frameworks",
				);
				MARKETING_VERSION = 1.0;
				PRODUCT_BUNDLE_IDENTIFIER = Davlat.CreditCardLibrary;
				PRODUCT_NAME = "$(TARGET_NAME)";
				SWIFT_EMIT_LOC_STRINGS = YES;
				SWIFT_VERSION = 5.0;
			};
			name = Release;
		};
/* End XCBuildConfiguration section */

/* Begin XCConfigurationList section */
		319F55842C5F2B1500C054D2 /* Build configuration list for PBXProject "CreditCardLibrary" */ = {
			isa = XCConfigurationList;
			buildConfigurations = (
				319F55962C5F2B1600C054D2 /* Debug */,
				319F55972C5F2B1600C054D2 /* Release */,
			);
			defaultConfigurationIsVisible = 0;
			defaultConfigurationName = Release;
		};
		319F55982C5F2B1600C054D2 /* Build configuration list for PBXNativeTarget "CreditCardLibrary" */ = {
			isa = XCConfigurationList;
			buildConfigurations = (
				319F55992C5F2B1600C054D2 /* Debug */,
				319F559A2C5F2B1600C054D2 /* Release */,
			);
			defaultConfigurationIsVisible = 0;
			defaultConfigurationName = Release;
		};
/* End XCConfigurationList section */
	};
	rootObject = 319F55812C5F2B1500C054D2 /* Project object */;
}
