// !$*UTF8*$!
{
	archiveVersion = 1;
	classes = {
	};
	objectVersion = 56;
	objects = {

/* Begin PBXBuildFile section */
		310629202C6070BA00C99175 /* CategoryBusinessCardsView.swift in Sources */ = {isa = PBXBuildFile; fileRef = 3106291F2C6070BA00C99175 /* CategoryBusinessCardsView.swift */; };
		310629222C6073B500C99175 /* CategoryPersonalCardsView.swift in Sources */ = {isa = PBXBuildFile; fileRef = 310629212C6073B500C99175 /* CategoryPersonalCardsView.swift */; };
		310629242C60775700C99175 /* CategoryClosedCardsView.swift in Sources */ = {isa = PBXBuildFile; fileRef = 310629232C60775700C99175 /* CategoryClosedCardsView.swift */; };
		310629262C60974E00C99175 /* CardRowView.swift in Sources */ = {isa = PBXBuildFile; fileRef = 310629252C60974E00C99175 /* CardRowView.swift */; };
		310629282C60977300C99175 /* CardImageView.swift in Sources */ = {isa = PBXBuildFile; fileRef = 310629272C60977300C99175 /* CardImageView.swift */; };
		3106292A2C61568800C99175 /* CardDetailView.swift in Sources */ = {isa = PBXBuildFile; fileRef = 310629292C61568800C99175 /* CardDetailView.swift */; };
		3106292C2C615CA900C99175 /* CategoryViewHelper.swift in Sources */ = {isa = PBXBuildFile; fileRef = 3106292B2C615CA900C99175 /* CategoryViewHelper.swift */; };
		310E5EE42C699A960062DDFA /* CreditCard.swift in Sources */ = {isa = PBXBuildFile; fileRef = 310E5EE32C699A960062DDFA /* CreditCard.swift */; };
		310E5EE72C6A68400062DDFA /* addCreditCardSheet.swift in Sources */ = {isa = PBXBuildFile; fileRef = 310E5EE62C6A68400062DDFA /* addCreditCardSheet.swift */; };
		314BD4682C94A5C300E32E74 /* AddCreditCardView.swift in Sources */ = {isa = PBXBuildFile; fileRef = 314BD4672C94A5C300E32E74 /* AddCreditCardView.swift */; };
		314BD46A2C95377400E32E74 /* EditCreditCardView.swift in Sources */ = {isa = PBXBuildFile; fileRef = 314BD4692C95377400E32E74 /* EditCreditCardView.swift */; };
		314BD46C2C9689DB00E32E74 /* FormView.swift in Sources */ = {isa = PBXBuildFile; fileRef = 314BD46B2C9689DB00E32E74 /* FormView.swift */; };
		314BD46E2C977D1A00E32E74 /* AddPromotionView.swift in Sources */ = {isa = PBXBuildFile; fileRef = 314BD46D2C977D1A00E32E74 /* AddPromotionView.swift */; };
		314BD4702C97F06200E32E74 /* AddBonusView.swift in Sources */ = {isa = PBXBuildFile; fileRef = 314BD46F2C97F06200E32E74 /* AddBonusView.swift */; };
		314BD4722C98AC6400E32E74 /* CardView.swift in Sources */ = {isa = PBXBuildFile; fileRef = 314BD4712C98AC6400E32E74 /* CardView.swift */; };
		316A50FC2C67219D00D23506 /* RowDetailViewHelper.swift in Sources */ = {isa = PBXBuildFile; fileRef = 316A50FB2C67219D00D23506 /* RowDetailViewHelper.swift */; };
		3176D8EB2C74362800C57FBB /* Bank.swift in Sources */ = {isa = PBXBuildFile; fileRef = 3176D8EA2C74362800C57FBB /* Bank.swift */; };
		3176D8EF2C7437E000C57FBB /* Bonus.swift in Sources */ = {isa = PBXBuildFile; fileRef = 3176D8EE2C7437DF00C57FBB /* Bonus.swift */; };
		3176D8F22C75AC2B00C57FBB /* Closed.swift in Sources */ = {isa = PBXBuildFile; fileRef = 3176D8F12C75AC2B00C57FBB /* Closed.swift */; };
		3176D8F42C75AD1600C57FBB /* Promotion.swift in Sources */ = {isa = PBXBuildFile; fileRef = 3176D8F32C75AD1600C57FBB /* Promotion.swift */; };
		318A66302C7BD3EC0039487E /* SampleData.swift in Sources */ = {isa = PBXBuildFile; fileRef = 318A662F2C7BD3EC0039487E /* SampleData.swift */; };
		318A66332C7BDF950039487E /* WalletContentView.swift in Sources */ = {isa = PBXBuildFile; fileRef = 318A66322C7BDF950039487E /* WalletContentView.swift */; };
		318A66372C7C14300039487E /* SideBarCategories.swift in Sources */ = {isa = PBXBuildFile; fileRef = 318A66362C7C14300039487E /* SideBarCategories.swift */; };
		318A66392C7C21020039487E /* CardListView.swift in Sources */ = {isa = PBXBuildFile; fileRef = 318A66382C7C21020039487E /* CardListView.swift */; };
		318A663B2C7C37B10039487E /* DetailView.swift in Sources */ = {isa = PBXBuildFile; fileRef = 318A663A2C7C37B10039487E /* DetailView.swift */; };
		318A663D2C7E5B0E0039487E /* AddBankView.swift in Sources */ = {isa = PBXBuildFile; fileRef = 318A663C2C7E5B0D0039487E /* AddBankView.swift */; };
		319F558D2C5F2B1500C054D2 /* CreditCardLibraryApp.swift in Sources */ = {isa = PBXBuildFile; fileRef = 319F558C2C5F2B1500C054D2 /* CreditCardLibraryApp.swift */; };
		319F558F2C5F2B1500C054D2 /* ContentView.swift in Sources */ = {isa = PBXBuildFile; fileRef = 319F558E2C5F2B1500C054D2 /* ContentView.swift */; };
		319F55912C5F2B1600C054D2 /* Assets.xcassets in Resources */ = {isa = PBXBuildFile; fileRef = 319F55902C5F2B1600C054D2 /* Assets.xcassets */; };
		319F55942C5F2B1600C054D2 /* Preview Assets.xcassets in Resources */ = {isa = PBXBuildFile; fileRef = 319F55932C5F2B1600C054D2 /* Preview Assets.xcassets */; };
		31AAFED82C5F333A00CE1BDC /* CategoriesView.swift in Sources */ = {isa = PBXBuildFile; fileRef = 31AAFED72C5F333A00CE1BDC /* CategoriesView.swift */; };
		31AAFEE62C5FEC6000CE1BDC /* CategoryOpenCardsView.swift in Sources */ = {isa = PBXBuildFile; fileRef = 31AAFEE52C5FEC6000CE1BDC /* CategoryOpenCardsView.swift */; };
		31AB13582C62B07200726602 /* CategoryFilterHelper.swift in Sources */ = {isa = PBXBuildFile; fileRef = 31AB13572C62B07200726602 /* CategoryFilterHelper.swift */; };
/* End PBXBuildFile section */

/* Begin PBXFileReference section */
		3106291F2C6070BA00C99175 /* CategoryBusinessCardsView.swift */ = {isa = PBXFileReference; lastKnownFileType = sourcecode.swift; path = CategoryBusinessCardsView.swift; sourceTree = "<group>"; };
		310629212C6073B500C99175 /* CategoryPersonalCardsView.swift */ = {isa = PBXFileReference; lastKnownFileType = sourcecode.swift; path = CategoryPersonalCardsView.swift; sourceTree = "<group>"; };
		310629232C60775700C99175 /* CategoryClosedCardsView.swift */ = {isa = PBXFileReference; lastKnownFileType = sourcecode.swift; path = CategoryClosedCardsView.swift; sourceTree = "<group>"; };
		310629252C60974E00C99175 /* CardRowView.swift */ = {isa = PBXFileReference; lastKnownFileType = sourcecode.swift; path = CardRowView.swift; sourceTree = "<group>"; };
		310629272C60977300C99175 /* CardImageView.swift */ = {isa = PBXFileReference; lastKnownFileType = sourcecode.swift; path = CardImageView.swift; sourceTree = "<group>"; };
		310629292C61568800C99175 /* CardDetailView.swift */ = {isa = PBXFileReference; lastKnownFileType = sourcecode.swift; path = CardDetailView.swift; sourceTree = "<group>"; };
		3106292B2C615CA900C99175 /* CategoryViewHelper.swift */ = {isa = PBXFileReference; lastKnownFileType = sourcecode.swift; path = CategoryViewHelper.swift; sourceTree = "<group>"; };
		310E5EE32C699A960062DDFA /* CreditCard.swift */ = {isa = PBXFileReference; lastKnownFileType = sourcecode.swift; path = CreditCard.swift; sourceTree = "<group>"; };
		310E5EE62C6A68400062DDFA /* addCreditCardSheet.swift */ = {isa = PBXFileReference; lastKnownFileType = sourcecode.swift; path = addCreditCardSheet.swift; sourceTree = "<group>"; };
		314BD4672C94A5C300E32E74 /* AddCreditCardView.swift */ = {isa = PBXFileReference; lastKnownFileType = sourcecode.swift; path = AddCreditCardView.swift; sourceTree = "<group>"; };
		314BD4692C95377400E32E74 /* EditCreditCardView.swift */ = {isa = PBXFileReference; lastKnownFileType = sourcecode.swift; path = EditCreditCardView.swift; sourceTree = "<group>"; };
		314BD46B2C9689DB00E32E74 /* FormView.swift */ = {isa = PBXFileReference; lastKnownFileType = sourcecode.swift; path = FormView.swift; sourceTree = "<group>"; };
		314BD46D2C977D1A00E32E74 /* AddPromotionView.swift */ = {isa = PBXFileReference; lastKnownFileType = sourcecode.swift; path = AddPromotionView.swift; sourceTree = "<group>"; };
		314BD46F2C97F06200E32E74 /* AddBonusView.swift */ = {isa = PBXFileReference; lastKnownFileType = sourcecode.swift; path = AddBonusView.swift; sourceTree = "<group>"; };
		314BD4712C98AC6400E32E74 /* CardView.swift */ = {isa = PBXFileReference; lastKnownFileType = sourcecode.swift; path = CardView.swift; sourceTree = "<group>"; };
		316A50FB2C67219D00D23506 /* RowDetailViewHelper.swift */ = {isa = PBXFileReference; lastKnownFileType = sourcecode.swift; path = RowDetailViewHelper.swift; sourceTree = "<group>"; };
		3176D8EA2C74362800C57FBB /* Bank.swift */ = {isa = PBXFileReference; lastKnownFileType = sourcecode.swift; path = Bank.swift; sourceTree = "<group>"; };
		3176D8EE2C7437DF00C57FBB /* Bonus.swift */ = {isa = PBXFileReference; lastKnownFileType = sourcecode.swift; path = Bonus.swift; sourceTree = "<group>"; };
		3176D8F12C75AC2B00C57FBB /* Closed.swift */ = {isa = PBXFileReference; lastKnownFileType = sourcecode.swift; path = Closed.swift; sourceTree = "<group>"; };
		3176D8F32C75AD1600C57FBB /* Promotion.swift */ = {isa = PBXFileReference; lastKnownFileType = sourcecode.swift; path = Promotion.swift; sourceTree = "<group>"; };
		318A662F2C7BD3EC0039487E /* SampleData.swift */ = {isa = PBXFileReference; lastKnownFileType = sourcecode.swift; path = SampleData.swift; sourceTree = "<group>"; };
		318A66322C7BDF950039487E /* WalletContentView.swift */ = {isa = PBXFileReference; lastKnownFileType = sourcecode.swift; path = WalletContentView.swift; sourceTree = "<group>"; };
		318A66362C7C14300039487E /* SideBarCategories.swift */ = {isa = PBXFileReference; lastKnownFileType = sourcecode.swift; path = SideBarCategories.swift; sourceTree = "<group>"; };
		318A66382C7C21020039487E /* CardListView.swift */ = {isa = PBXFileReference; lastKnownFileType = sourcecode.swift; path = CardListView.swift; sourceTree = "<group>"; };
		318A663A2C7C37B10039487E /* DetailView.swift */ = {isa = PBXFileReference; lastKnownFileType = sourcecode.swift; path = DetailView.swift; sourceTree = "<group>"; };
		318A663C2C7E5B0D0039487E /* AddBankView.swift */ = {isa = PBXFileReference; lastKnownFileType = sourcecode.swift; path = AddBankView.swift; sourceTree = "<group>"; };
		319F55892C5F2B1500C054D2 /* CreditCardLibrary.app */ = {isa = PBXFileReference; explicitFileType = wrapper.application; includeInIndex = 0; path = CreditCardLibrary.app; sourceTree = BUILT_PRODUCTS_DIR; };
		319F558C2C5F2B1500C054D2 /* CreditCardLibraryApp.swift */ = {isa = PBXFileReference; lastKnownFileType = sourcecode.swift; path = CreditCardLibraryApp.swift; sourceTree = "<group>"; };
		319F558E2C5F2B1500C054D2 /* ContentView.swift */ = {isa = PBXFileReference; lastKnownFileType = sourcecode.swift; path = ContentView.swift; sourceTree = "<group>"; };
		319F55902C5F2B1600C054D2 /* Assets.xcassets */ = {isa = PBXFileReference; lastKnownFileType = folder.assetcatalog; path = Assets.xcassets; sourceTree = "<group>"; };
		319F55932C5F2B1600C054D2 /* Preview Assets.xcassets */ = {isa = PBXFileReference; lastKnownFileType = folder.assetcatalog; path = "Preview Assets.xcassets"; sourceTree = "<group>"; };
		319F55952C5F2B1600C054D2 /* CreditCardLibrary.entitlements */ = {isa = PBXFileReference; lastKnownFileType = text.plist.entitlements; path = CreditCardLibrary.entitlements; sourceTree = "<group>"; };
		31AAFED72C5F333A00CE1BDC /* CategoriesView.swift */ = {isa = PBXFileReference; lastKnownFileType = sourcecode.swift; path = CategoriesView.swift; sourceTree = "<group>"; };
		31AAFEE52C5FEC6000CE1BDC /* CategoryOpenCardsView.swift */ = {isa = PBXFileReference; lastKnownFileType = sourcecode.swift; path = CategoryOpenCardsView.swift; sourceTree = "<group>"; };
		31AB13572C62B07200726602 /* CategoryFilterHelper.swift */ = {isa = PBXFileReference; lastKnownFileType = sourcecode.swift; path = CategoryFilterHelper.swift; sourceTree = "<group>"; };
/* End PBXFileReference section */

/* Begin PBXFrameworksBuildPhase section */
		319F55862C5F2B1500C054D2 /* Frameworks */ = {
			isa = PBXFrameworksBuildPhase;
			buildActionMask = 2147483647;
			files = (
			);
			runOnlyForDeploymentPostprocessing = 0;
		};
/* End PBXFrameworksBuildPhase section */

/* Begin PBXGroup section */
		310E5EE52C6A68150062DDFA /* Actions */ = {
			isa = PBXGroup;
			children = (
				310E5EE62C6A68400062DDFA /* addCreditCardSheet.swift */,
			);
			name = Actions;
			sourceTree = "<group>";
		};
		3176D8F02C743F0900C57FBB /* Utilities */ = {
			isa = PBXGroup;
			children = (
			);
			path = Utilities;
			sourceTree = "<group>";
		};
		318A66312C7BDD980039487E /* Views */ = {
			isa = PBXGroup;
			children = (
				318A66322C7BDF950039487E /* WalletContentView.swift */,
				314BD4692C95377400E32E74 /* EditCreditCardView.swift */,
				314BD4672C94A5C300E32E74 /* AddCreditCardView.swift */,
				314BD46B2C9689DB00E32E74 /* FormView.swift */,
				314BD4712C98AC6400E32E74 /* CardView.swift */,
				318A66382C7C21020039487E /* CardListView.swift */,
				318A663A2C7C37B10039487E /* DetailView.swift */,
				314BD46F2C97F06200E32E74 /* AddBonusView.swift */,
				314BD46D2C977D1A00E32E74 /* AddPromotionView.swift */,
				318A663C2C7E5B0D0039487E /* AddBankView.swift */,
			);
			path = Views;
			sourceTree = "<group>";
		};
		319F55802C5F2B1500C054D2 = {
			isa = PBXGroup;
			children = (
				319F558B2C5F2B1500C054D2 /* CreditCardLibrary */,
				319F558A2C5F2B1500C054D2 /* Products */,
			);
			sourceTree = "<group>";
		};
		319F558A2C5F2B1500C054D2 /* Products */ = {
			isa = PBXGroup;
			children = (
				319F55892C5F2B1500C054D2 /* CreditCardLibrary.app */,
			);
			name = Products;
			sourceTree = "<group>";
		};
		319F558B2C5F2B1500C054D2 /* CreditCardLibrary */ = {
			isa = PBXGroup;
			children = (
				319F558C2C5F2B1500C054D2 /* CreditCardLibraryApp.swift */,
				319F558E2C5F2B1500C054D2 /* ContentView.swift */,
				31AB134E2C627BE700726602 /* Views */,
				3176D8F02C743F0900C57FBB /* Utilities */,
				318A66312C7BDD980039487E /* Views */,
				31AAFEDE2C5F436A00CE1BDC /* Model */,
				318A662F2C7BD3EC0039487E /* SampleData.swift */,
				319F55902C5F2B1600C054D2 /* Assets.xcassets */,
				319F55952C5F2B1600C054D2 /* CreditCardLibrary.entitlements */,
				319F55922C5F2B1600C054D2 /* Preview Content */,
			);
			path = CreditCardLibrary;
			sourceTree = "<group>";
		};
		319F55922C5F2B1600C054D2 /* Preview Content */ = {
			isa = PBXGroup;
			children = (
				319F55932C5F2B1600C054D2 /* Preview Assets.xcassets */,
			);
			path = "Preview Content";
			sourceTree = "<group>";
		};
		31AAFEDE2C5F436A00CE1BDC /* Model */ = {
			isa = PBXGroup;
			children = (
				310E5EE32C699A960062DDFA /* CreditCard.swift */,
				3176D8F32C75AD1600C57FBB /* Promotion.swift */,
				3176D8EA2C74362800C57FBB /* Bank.swift */,
				3176D8EE2C7437DF00C57FBB /* Bonus.swift */,
				3176D8F12C75AC2B00C57FBB /* Closed.swift */,
				318A66362C7C14300039487E /* SideBarCategories.swift */,
			);
			path = Model;
			sourceTree = "<group>";
		};
		31AB134E2C627BE700726602 /* Views */ = {
			isa = PBXGroup;
			children = (
				31AAFED72C5F333A00CE1BDC /* CategoriesView.swift */,
				31AB134F2C627C4000726602 /* CardListView */,
				310E5EE52C6A68150062DDFA /* Actions */,
				31AB13502C627CA400726602 /* CardDetailView */,
			);
			name = Views;
			sourceTree = "<group>";
		};
		31AB134F2C627C4000726602 /* CardListView */ = {
			isa = PBXGroup;
			children = (
				310629232C60775700C99175 /* CategoryClosedCardsView.swift */,
				31AAFEE52C5FEC6000CE1BDC /* CategoryOpenCardsView.swift */,
				310629212C6073B500C99175 /* CategoryPersonalCardsView.swift */,
				3106291F2C6070BA00C99175 /* CategoryBusinessCardsView.swift */,
				310629252C60974E00C99175 /* CardRowView.swift */,
				31AB13592C62B4BF00726602 /* Helpers */,
			);
			name = CardListView;
			sourceTree = "<group>";
		};
		31AB13502C627CA400726602 /* CardDetailView */ = {
			isa = PBXGroup;
			children = (
				310629272C60977300C99175 /* CardImageView.swift */,
				310629292C61568800C99175 /* CardDetailView.swift */,
				316A50FB2C67219D00D23506 /* RowDetailViewHelper.swift */,
			);
			name = CardDetailView;
			sourceTree = "<group>";
		};
		31AB13592C62B4BF00726602 /* Helpers */ = {
			isa = PBXGroup;
			children = (
				3106292B2C615CA900C99175 /* CategoryViewHelper.swift */,
				31AB13572C62B07200726602 /* CategoryFilterHelper.swift */,
			);
			name = Helpers;
			sourceTree = "<group>";
		};
/* End PBXGroup section */

/* Begin PBXNativeTarget section */
		319F55882C5F2B1500C054D2 /* CreditCardLibrary */ = {
			isa = PBXNativeTarget;
			buildConfigurationList = 319F55982C5F2B1600C054D2 /* Build configuration list for PBXNativeTarget "CreditCardLibrary" */;
			buildPhases = (
				319F55852C5F2B1500C054D2 /* Sources */,
				319F55862C5F2B1500C054D2 /* Frameworks */,
				319F55872C5F2B1500C054D2 /* Resources */,
			);
			buildRules = (
			);
			dependencies = (
			);
			name = CreditCardLibrary;
			productName = CreditCardLibrary;
			productReference = 319F55892C5F2B1500C054D2 /* CreditCardLibrary.app */;
			productType = "com.apple.product-type.application";
		};
/* End PBXNativeTarget section */

/* Begin PBXProject section */
		319F55812C5F2B1500C054D2 /* Project object */ = {
			isa = PBXProject;
			attributes = {
				BuildIndependentTargetsInParallel = 1;
				LastSwiftUpdateCheck = 1540;
				LastUpgradeCheck = 1540;
				TargetAttributes = {
					319F55882C5F2B1500C054D2 = {
						CreatedOnToolsVersion = 15.4;
					};
				};
			};
			buildConfigurationList = 319F55842C5F2B1500C054D2 /* Build configuration list for PBXProject "CreditCardLibrary" */;
			compatibilityVersion = "Xcode 14.0";
			developmentRegion = en;
			hasScannedForEncodings = 0;
			knownRegions = (
				en,
				Base,
			);
			mainGroup = 319F55802C5F2B1500C054D2;
			productRefGroup = 319F558A2C5F2B1500C054D2 /* Products */;
			projectDirPath = "";
			projectRoot = "";
			targets = (
				319F55882C5F2B1500C054D2 /* CreditCardLibrary */,
			);
		};
/* End PBXProject section */

/* Begin PBXResourcesBuildPhase section */
		319F55872C5F2B1500C054D2 /* Resources */ = {
			isa = PBXResourcesBuildPhase;
			buildActionMask = 2147483647;
			files = (
				319F55942C5F2B1600C054D2 /* Preview Assets.xcassets in Resources */,
				319F55912C5F2B1600C054D2 /* Assets.xcassets in Resources */,
			);
			runOnlyForDeploymentPostprocessing = 0;
		};
/* End PBXResourcesBuildPhase section */

/* Begin PBXSourcesBuildPhase section */
		319F55852C5F2B1500C054D2 /* Sources */ = {
			isa = PBXSourcesBuildPhase;
			buildActionMask = 2147483647;
			files = (
				318A66392C7C21020039487E /* CardListView.swift in Sources */,
				314BD46E2C977D1A00E32E74 /* AddPromotionView.swift in Sources */,
				316A50FC2C67219D00D23506 /* RowDetailViewHelper.swift in Sources */,
				318A66302C7BD3EC0039487E /* SampleData.swift in Sources */,
				310E5EE72C6A68400062DDFA /* addCreditCardSheet.swift in Sources */,
				314BD46A2C95377400E32E74 /* EditCreditCardView.swift in Sources */,
				31AAFED82C5F333A00CE1BDC /* CategoriesView.swift in Sources */,
				310629262C60974E00C99175 /* CardRowView.swift in Sources */,
				310629222C6073B500C99175 /* CategoryPersonalCardsView.swift in Sources */,
				314BD4722C98AC6400E32E74 /* CardView.swift in Sources */,
				3176D8EF2C7437E000C57FBB /* Bonus.swift in Sources */,
				319F558F2C5F2B1500C054D2 /* ContentView.swift in Sources */,
				310629242C60775700C99175 /* CategoryClosedCardsView.swift in Sources */,
				314BD46C2C9689DB00E32E74 /* FormView.swift in Sources */,
				31AAFEE62C5FEC6000CE1BDC /* CategoryOpenCardsView.swift in Sources */,
				3106292A2C61568800C99175 /* CardDetailView.swift in Sources */,
				3106292C2C615CA900C99175 /* CategoryViewHelper.swift in Sources */,
				318A663D2C7E5B0E0039487E /* AddBankView.swift in Sources */,
				31AB13582C62B07200726602 /* CategoryFilterHelper.swift in Sources */,
				310629282C60977300C99175 /* CardImageView.swift in Sources */,
				3176D8F22C75AC2B00C57FBB /* Closed.swift in Sources */,
				314BD4682C94A5C300E32E74 /* AddCreditCardView.swift in Sources */,
				310E5EE42C699A960062DDFA /* CreditCard.swift in Sources */,
				314BD4702C97F06200E32E74 /* AddBonusView.swift in Sources */,
				318A663B2C7C37B10039487E /* DetailView.swift in Sources */,
				318A66332C7BDF950039487E /* WalletContentView.swift in Sources */,
				318A66372C7C14300039487E /* SideBarCategories.swift in Sources */,
				310629202C6070BA00C99175 /* CategoryBusinessCardsView.swift in Sources */,
				3176D8F42C75AD1600C57FBB /* Promotion.swift in Sources */,
				3176D8EB2C74362800C57FBB /* Bank.swift in Sources */,
				319F558D2C5F2B1500C054D2 /* CreditCardLibraryApp.swift in Sources */,
			);
			runOnlyForDeploymentPostprocessing = 0;
		};
/* End PBXSourcesBuildPhase section */

/* Begin XCBuildConfiguration section */
		319F55962C5F2B1600C054D2 /* Debug */ = {
			isa = XCBuildConfiguration;
			buildSettings = {
				ALWAYS_SEARCH_USER_PATHS = NO;
				ASSETCATALOG_COMPILER_GENERATE_SWIFT_ASSET_SYMBOL_EXTENSIONS = YES;
				CLANG_ANALYZER_NONNULL = YES;
				CLANG_ANALYZER_NUMBER_OBJECT_CONVERSION = YES_AGGRESSIVE;
				CLANG_CXX_LANGUAGE_STANDARD = "gnu++20";
				CLANG_ENABLE_MODULES = YES;
				CLANG_ENABLE_OBJC_ARC = YES;
				CLANG_ENABLE_OBJC_WEAK = YES;
				CLANG_WARN_BLOCK_CAPTURE_AUTORELEASING = YES;
				CLANG_WARN_BOOL_CONVERSION = YES;
				CLANG_WARN_COMMA = YES;
				CLANG_WARN_CONSTANT_CONVERSION = YES;
				CLANG_WARN_DEPRECATED_OBJC_IMPLEMENTATIONS = YES;
				CLANG_WARN_DIRECT_OBJC_ISA_USAGE = YES_ERROR;
				CLANG_WARN_DOCUMENTATION_COMMENTS = YES;
				CLANG_WARN_EMPTY_BODY = YES;
				CLANG_WARN_ENUM_CONVERSION = YES;
				CLANG_WARN_INFINITE_RECURSION = YES;
				CLANG_WARN_INT_CONVERSION = YES;
				CLANG_WARN_NON_LITERAL_NULL_CONVERSION = YES;
				CLANG_WARN_OBJC_IMPLICIT_RETAIN_SELF = YES;
				CLANG_WARN_OBJC_LITERAL_CONVERSION = YES;
				CLANG_WARN_OBJC_ROOT_CLASS = YES_ERROR;
				CLANG_WARN_QUOTED_INCLUDE_IN_FRAMEWORK_HEADER = YES;
				CLANG_WARN_RANGE_LOOP_ANALYSIS = YES;
				CLANG_WARN_STRICT_PROTOTYPES = YES;
				CLANG_WARN_SUSPICIOUS_MOVE = YES;
				CLANG_WARN_UNGUARDED_AVAILABILITY = YES_AGGRESSIVE;
				CLANG_WARN_UNREACHABLE_CODE = YES;
				CLANG_WARN__DUPLICATE_METHOD_MATCH = YES;
				COPY_PHASE_STRIP = NO;
				DEBUG_INFORMATION_FORMAT = dwarf;
				ENABLE_STRICT_OBJC_MSGSEND = YES;
				ENABLE_TESTABILITY = YES;
				ENABLE_USER_SCRIPT_SANDBOXING = YES;
				GCC_C_LANGUAGE_STANDARD = gnu17;
				GCC_DYNAMIC_NO_PIC = NO;
				GCC_NO_COMMON_BLOCKS = YES;
				GCC_OPTIMIZATION_LEVEL = 0;
				GCC_PREPROCESSOR_DEFINITIONS = (
					"DEBUG=1",
					"$(inherited)",
				);
				GCC_WARN_64_TO_32_BIT_CONVERSION = YES;
				GCC_WARN_ABOUT_RETURN_TYPE = YES_ERROR;
				GCC_WARN_UNDECLARED_SELECTOR = YES;
				GCC_WARN_UNINITIALIZED_AUTOS = YES_AGGRESSIVE;
				GCC_WARN_UNUSED_FUNCTION = YES;
				GCC_WARN_UNUSED_VARIABLE = YES;
				LOCALIZATION_PREFERS_STRING_CATALOGS = YES;
				MACOSX_DEPLOYMENT_TARGET = 14.3;
				MTL_ENABLE_DEBUG_INFO = INCLUDE_SOURCE;
				MTL_FAST_MATH = YES;
				ONLY_ACTIVE_ARCH = YES;
				SDKROOT = macosx;
				SWIFT_ACTIVE_COMPILATION_CONDITIONS = "DEBUG $(inherited)";
				SWIFT_OPTIMIZATION_LEVEL = "-Onone";
			};
			name = Debug;
		};
		319F55972C5F2B1600C054D2 /* Release */ = {
			isa = XCBuildConfiguration;
			buildSettings = {
				ALWAYS_SEARCH_USER_PATHS = NO;
				ASSETCATALOG_COMPILER_GENERATE_SWIFT_ASSET_SYMBOL_EXTENSIONS = YES;
				CLANG_ANALYZER_NONNULL = YES;
				CLANG_ANALYZER_NUMBER_OBJECT_CONVERSION = YES_AGGRESSIVE;
				CLANG_CXX_LANGUAGE_STANDARD = "gnu++20";
				CLANG_ENABLE_MODULES = YES;
				CLANG_ENABLE_OBJC_ARC = YES;
				CLANG_ENABLE_OBJC_WEAK = YES;
				CLANG_WARN_BLOCK_CAPTURE_AUTORELEASING = YES;
				CLANG_WARN_BOOL_CONVERSION = YES;
				CLANG_WARN_COMMA = YES;
				CLANG_WARN_CONSTANT_CONVERSION = YES;
				CLANG_WARN_DEPRECATED_OBJC_IMPLEMENTATIONS = YES;
				CLANG_WARN_DIRECT_OBJC_ISA_USAGE = YES_ERROR;
				CLANG_WARN_DOCUMENTATION_COMMENTS = YES;
				CLANG_WARN_EMPTY_BODY = YES;
				CLANG_WARN_ENUM_CONVERSION = YES;
				CLANG_WARN_INFINITE_RECURSION = YES;
				CLANG_WARN_INT_CONVERSION = YES;
				CLANG_WARN_NON_LITERAL_NULL_CONVERSION = YES;
				CLANG_WARN_OBJC_IMPLICIT_RETAIN_SELF = YES;
				CLANG_WARN_OBJC_LITERAL_CONVERSION = YES;
				CLANG_WARN_OBJC_ROOT_CLASS = YES_ERROR;
				CLANG_WARN_QUOTED_INCLUDE_IN_FRAMEWORK_HEADER = YES;
				CLANG_WARN_RANGE_LOOP_ANALYSIS = YES;
				CLANG_WARN_STRICT_PROTOTYPES = YES;
				CLANG_WARN_SUSPICIOUS_MOVE = YES;
				CLANG_WARN_UNGUARDED_AVAILABILITY = YES_AGGRESSIVE;
				CLANG_WARN_UNREACHABLE_CODE = YES;
				CLANG_WARN__DUPLICATE_METHOD_MATCH = YES;
				COPY_PHASE_STRIP = NO;
				DEBUG_INFORMATION_FORMAT = "dwarf-with-dsym";
				ENABLE_NS_ASSERTIONS = NO;
				ENABLE_STRICT_OBJC_MSGSEND = YES;
				ENABLE_USER_SCRIPT_SANDBOXING = YES;
				GCC_C_LANGUAGE_STANDARD = gnu17;
				GCC_NO_COMMON_BLOCKS = YES;
				GCC_WARN_64_TO_32_BIT_CONVERSION = YES;
				GCC_WARN_ABOUT_RETURN_TYPE = YES_ERROR;
				GCC_WARN_UNDECLARED_SELECTOR = YES;
				GCC_WARN_UNINITIALIZED_AUTOS = YES_AGGRESSIVE;
				GCC_WARN_UNUSED_FUNCTION = YES;
				GCC_WARN_UNUSED_VARIABLE = YES;
				LOCALIZATION_PREFERS_STRING_CATALOGS = YES;
				MACOSX_DEPLOYMENT_TARGET = 14.3;
				MTL_ENABLE_DEBUG_INFO = NO;
				MTL_FAST_MATH = YES;
				SDKROOT = macosx;
				SWIFT_COMPILATION_MODE = wholemodule;
			};
			name = Release;
		};
		319F55992C5F2B1600C054D2 /* Debug */ = {
			isa = XCBuildConfiguration;
			buildSettings = {
				ASSETCATALOG_COMPILER_APPICON_NAME = AppIcon;
				ASSETCATALOG_COMPILER_GLOBAL_ACCENT_COLOR_NAME = AccentColor;
				CODE_SIGN_ENTITLEMENTS = CreditCardLibrary/CreditCardLibrary.entitlements;
				CODE_SIGN_STYLE = Automatic;
				COMBINE_HIDPI_IMAGES = YES;
				CURRENT_PROJECT_VERSION = 1;
				DEVELOPMENT_ASSET_PATHS = "\"CreditCardLibrary/Preview Content\"";
				DEVELOPMENT_TEAM = CJQCXZH5MJ;
				ENABLE_HARDENED_RUNTIME = YES;
				ENABLE_PREVIEWS = YES;
				GENERATE_INFOPLIST_FILE = YES;
				INFOPLIST_KEY_NSHumanReadableCopyright = "";
				LD_RUNPATH_SEARCH_PATHS = (
					"$(inherited)",
					"@executable_path/../Frameworks",
				);
				MARKETING_VERSION = 1.0;
				PRODUCT_BUNDLE_IDENTIFIER = Davlat.CreditCardLibrary;
				PRODUCT_NAME = "$(TARGET_NAME)";
				SWIFT_EMIT_LOC_STRINGS = YES;
				SWIFT_VERSION = 5.0;
			};
			name = Debug;
		};
		319F559A2C5F2B1600C054D2 /* Release */ = {
			isa = XCBuildConfiguration;
			buildSettings = {
				ASSETCATALOG_COMPILER_APPICON_NAME = AppIcon;
				ASSETCATALOG_COMPILER_GLOBAL_ACCENT_COLOR_NAME = AccentColor;
				CODE_SIGN_ENTITLEMENTS = CreditCardLibrary/CreditCardLibrary.entitlements;
				CODE_SIGN_STYLE = Automatic;
				COMBINE_HIDPI_IMAGES = YES;
				CURRENT_PROJECT_VERSION = 1;
				DEVELOPMENT_ASSET_PATHS = "\"CreditCardLibrary/Preview Content\"";
				DEVELOPMENT_TEAM = CJQCXZH5MJ;
				ENABLE_HARDENED_RUNTIME = YES;
				ENABLE_PREVIEWS = YES;
				GENERATE_INFOPLIST_FILE = YES;
				INFOPLIST_KEY_NSHumanReadableCopyright = "";
				LD_RUNPATH_SEARCH_PATHS = (
					"$(inherited)",
					"@executable_path/../Frameworks",
				);
				MARKETING_VERSION = 1.0;
				PRODUCT_BUNDLE_IDENTIFIER = Davlat.CreditCardLibrary;
				PRODUCT_NAME = "$(TARGET_NAME)";
				SWIFT_EMIT_LOC_STRINGS = YES;
				SWIFT_VERSION = 5.0;
			};
			name = Release;
		};
/* End XCBuildConfiguration section */

/* Begin XCConfigurationList section */
		319F55842C5F2B1500C054D2 /* Build configuration list for PBXProject "CreditCardLibrary" */ = {
			isa = XCConfigurationList;
			buildConfigurations = (
				319F55962C5F2B1600C054D2 /* Debug */,
				319F55972C5F2B1600C054D2 /* Release */,
			);
			defaultConfigurationIsVisible = 0;
			defaultConfigurationName = Release;
		};
		319F55982C5F2B1600C054D2 /* Build configuration list for PBXNativeTarget "CreditCardLibrary" */ = {
			isa = XCConfigurationList;
			buildConfigurations = (
				319F55992C5F2B1600C054D2 /* Debug */,
				319F559A2C5F2B1600C054D2 /* Release */,
			);
			defaultConfigurationIsVisible = 0;
			defaultConfigurationName = Release;
		};
/* End XCConfigurationList section */
	};
	rootObject = 319F55812C5F2B1500C054D2 /* Project object */;
}
